
Microsoft Visual Studio Solution File, Format Version 12.00
# Visual Studio Version 17
VisualStudioVersion = 17.14.36603.0 d17.14
MinimumVisualStudioVersion = 10.0.40219.1
Project("{FAE04EC0-301F-11D3-BF4B-00C04F79EFBC}") = "QuizSystem", "QuizSystem\QuizSystem.csproj", "{5B109A20-DBFE-40E2-8202-40F9FE405B27}"
EndProject
Global
	GlobalSection(SolutionConfigurationPlatforms) = preSolution
		Debug|Any CPU = Debug|Any CPU
		Release|Any CPU = Release|Any CPU
	EndGlobalSection
	GlobalSection(ProjectConfigurationPlatforms) = postSolution
		{5B109A20-DBFE-40E2-8202-40F9FE405B27}.Debug|Any CPU.ActiveCfg = Debug|Any CPU
		{5B109A20-DBFE-40E2-8202-40F9FE405B27}.Debug|Any CPU.Build.0 = Debug|Any CPU
		{5B109A20-DBFE-40E2-8202-40F9FE405B27}.Release|Any CPU.ActiveCfg = Release|Any CPU
		{5B109A20-DBFE-40E2-8202-40F9FE405B27}.Release|Any CPU.Build.0 = Release|Any CPU
	EndGlobalSection
	GlobalSection(SolutionProperties) = preSolution
		HideSolutionNode = FALSE
	EndGlobalSection
	GlobalSection(ExtensibilityGlobals) = postSolution
		SolutionGuid = {550AB3A2-D832-4556-B386-56DDD1354516}
	EndGlobalSection
EndGlobal
